
Microsoft Visual Studio Solution File, Format Version 12.00
# Visual Studio Version 16
VisualStudioVersion = 16.0.30011.22
MinimumVisualStudioVersion = 10.0.40219.1
Project("{FAE04EC0-301F-11D3-BF4B-00C04F79EFBC}") = "WebsiteTemplate", "WebsiteTemplate\WebsiteTemplate.csproj", "{1547BF19-E581-44E9-B509-8CEF08276652}"
	ProjectSection(ProjectDependencies) = postProject
		{569AD0E8-2A62-4534-984D-263437908696} = {569AD0E8-2A62-4534-984D-263437908696}
	EndProjectSection
EndProject
Project("{FAE04EC0-301F-11D3-BF4B-00C04F79EFBC}") = "BuildHelper", "BuildHelper\BuildHelper.csproj", "{569AD0E8-2A62-4534-984D-263437908696}"
EndProject
Project("{FAE04EC0-301F-11D3-BF4B-00C04F79EFBC}") = "WebsiteTemplateCore", "WebsiteTemplateCore\WebsiteTemplateCore.csproj", "{342B90FD-09F9-4C4E-9944-C22405884DBB}"
EndProject
Project("{FAE04EC0-301F-11D3-BF4B-00C04F79EFBC}") = "WebsiteTemplate.Test", "WebsiteTemplate.Test\WebsiteTemplate.Test.csproj", "{6A7A76CD-F5D3-45EF-B98E-D06DBD23311E}"
EndProject
Project("{FAE04EC0-301F-11D3-BF4B-00C04F79EFBC}") = "WebsiteTemplate.UnitTests", "WebsiteTemplate.UnitTests\WebsiteTemplate.UnitTests.csproj", "{408B0C11-BB4E-4E9E-87F2-1B2A4D0D05A0}"
EndProject
Project("{FAE04EC0-301F-11D3-BF4B-00C04F79EFBC}") = "QBic.Core", "QBic.Core\QBic.Core.csproj", "{39FDCBFC-A698-49DA-9C9D-3E7858E49BE0}"
EndProject
Project("{FAE04EC0-301F-11D3-BF4B-00C04F79EFBC}") = "BasicAuthentication", "BasicAuthentication\BasicAuthentication.csproj", "{6408E8E4-1D66-4B44-A3A8-B3FD391FAF72}"
EndProject
Project("{FAE04EC0-301F-11D3-BF4B-00C04F79EFBC}") = "BasicAuthentication.Core", "BasicAuthentication.Core\BasicAuthentication.Core.csproj", "{5A4528C9-3289-4C3F-B165-EEC464E2DBD9}"
EndProject
Project("{FAE04EC0-301F-11D3-BF4B-00C04F79EFBC}") = "BasicAuthentication.WebTest", "BasicAuthentication.WebTest\BasicAuthentication.WebTest.csproj", "{FF7AE6BA-DBD0-4C95-A33A-91DE141C3AAC}"
EndProject
Global
	GlobalSection(SolutionConfigurationPlatforms) = preSolution
		Debug|Any CPU = Debug|Any CPU
		Release|Any CPU = Release|Any CPU
	EndGlobalSection
	GlobalSection(ProjectConfigurationPlatforms) = postSolution
		{1547BF19-E581-44E9-B509-8CEF08276652}.Debug|Any CPU.ActiveCfg = Debug|Any CPU
		{1547BF19-E581-44E9-B509-8CEF08276652}.Debug|Any CPU.Build.0 = Debug|Any CPU
		{1547BF19-E581-44E9-B509-8CEF08276652}.Release|Any CPU.ActiveCfg = Release|Any CPU
		{1547BF19-E581-44E9-B509-8CEF08276652}.Release|Any CPU.Build.0 = Release|Any CPU
		{569AD0E8-2A62-4534-984D-263437908696}.Debug|Any CPU.ActiveCfg = Debug|Any CPU
		{569AD0E8-2A62-4534-984D-263437908696}.Debug|Any CPU.Build.0 = Debug|Any CPU
		{569AD0E8-2A62-4534-984D-263437908696}.Release|Any CPU.ActiveCfg = Release|Any CPU
		{569AD0E8-2A62-4534-984D-263437908696}.Release|Any CPU.Build.0 = Release|Any CPU
		{342B90FD-09F9-4C4E-9944-C22405884DBB}.Debug|Any CPU.ActiveCfg = Debug|Any CPU
		{342B90FD-09F9-4C4E-9944-C22405884DBB}.Debug|Any CPU.Build.0 = Debug|Any CPU
		{342B90FD-09F9-4C4E-9944-C22405884DBB}.Release|Any CPU.ActiveCfg = Release|Any CPU
		{342B90FD-09F9-4C4E-9944-C22405884DBB}.Release|Any CPU.Build.0 = Release|Any CPU
		{6A7A76CD-F5D3-45EF-B98E-D06DBD23311E}.Debug|Any CPU.ActiveCfg = Debug|Any CPU
		{6A7A76CD-F5D3-45EF-B98E-D06DBD23311E}.Debug|Any CPU.Build.0 = Debug|Any CPU
		{6A7A76CD-F5D3-45EF-B98E-D06DBD23311E}.Release|Any CPU.ActiveCfg = Release|Any CPU
		{6A7A76CD-F5D3-45EF-B98E-D06DBD23311E}.Release|Any CPU.Build.0 = Release|Any CPU
		{408B0C11-BB4E-4E9E-87F2-1B2A4D0D05A0}.Debug|Any CPU.ActiveCfg = Debug|Any CPU
		{408B0C11-BB4E-4E9E-87F2-1B2A4D0D05A0}.Debug|Any CPU.Build.0 = Debug|Any CPU
		{408B0C11-BB4E-4E9E-87F2-1B2A4D0D05A0}.Release|Any CPU.ActiveCfg = Release|Any CPU
		{408B0C11-BB4E-4E9E-87F2-1B2A4D0D05A0}.Release|Any CPU.Build.0 = Release|Any CPU
		{39FDCBFC-A698-49DA-9C9D-3E7858E49BE0}.Debug|Any CPU.ActiveCfg = Debug|Any CPU
		{39FDCBFC-A698-49DA-9C9D-3E7858E49BE0}.Debug|Any CPU.Build.0 = Debug|Any CPU
		{39FDCBFC-A698-49DA-9C9D-3E7858E49BE0}.Release|Any CPU.ActiveCfg = Release|Any CPU
		{39FDCBFC-A698-49DA-9C9D-3E7858E49BE0}.Release|Any CPU.Build.0 = Release|Any CPU
		{6408E8E4-1D66-4B44-A3A8-B3FD391FAF72}.Debug|Any CPU.ActiveCfg = Debug|Any CPU
		{6408E8E4-1D66-4B44-A3A8-B3FD391FAF72}.Debug|Any CPU.Build.0 = Debug|Any CPU
		{6408E8E4-1D66-4B44-A3A8-B3FD391FAF72}.Release|Any CPU.ActiveCfg = Release|Any CPU
		{6408E8E4-1D66-4B44-A3A8-B3FD391FAF72}.Release|Any CPU.Build.0 = Release|Any CPU
		{5A4528C9-3289-4C3F-B165-EEC464E2DBD9}.Debug|Any CPU.ActiveCfg = Debug|Any CPU
		{5A4528C9-3289-4C3F-B165-EEC464E2DBD9}.Debug|Any CPU.Build.0 = Debug|Any CPU
		{5A4528C9-3289-4C3F-B165-EEC464E2DBD9}.Release|Any CPU.ActiveCfg = Release|Any CPU
		{5A4528C9-3289-4C3F-B165-EEC464E2DBD9}.Release|Any CPU.Build.0 = Release|Any CPU
		{FF7AE6BA-DBD0-4C95-A33A-91DE141C3AAC}.Debug|Any CPU.ActiveCfg = Debug|Any CPU
		{FF7AE6BA-DBD0-4C95-A33A-91DE141C3AAC}.Debug|Any CPU.Build.0 = Debug|Any CPU
		{FF7AE6BA-DBD0-4C95-A33A-91DE141C3AAC}.Release|Any CPU.ActiveCfg = Release|Any CPU
		{FF7AE6BA-DBD0-4C95-A33A-91DE141C3AAC}.Release|Any CPU.Build.0 = Release|Any CPU
	EndGlobalSection
	GlobalSection(SolutionProperties) = preSolution
		HideSolutionNode = FALSE
	EndGlobalSection
	GlobalSection(ExtensibilityGlobals) = postSolution
		SolutionGuid = {1B4DF753-0BE2-48F1-89A6-6ACFF8F5D9F5}
	EndGlobalSection
EndGlobal
